
Microsoft Visual Studio Solution File, Format Version 12.00
# Visual Studio 15
VisualStudioVersion = 15.0.28010.2016
MinimumVisualStudioVersion = 10.0.40219.1
Project("{FAE04EC0-301F-11D3-BF4B-00C04F79EFBC}") = "CarGame", "CarGame\CarGame.csproj", "{1B14005B-6AA9-4F9A-8D96-7C820B53E8A3}"
EndProject
Project("{FAE04EC0-301F-11D3-BF4B-00C04F79EFBC}") = "Delegates", "Delegates\Delegates.csproj", "{CD9B23CA-E91A-49AB-A139-84DDE3580F59}"
EndProject
Project("{FAE04EC0-301F-11D3-BF4B-00C04F79EFBC}") = "Generics", "Generics\Generics.csproj", "{AD3EBF1E-73D5-4974-A287-452585568B0B}"
EndProject
Project("{FAE04EC0-301F-11D3-BF4B-00C04F79EFBC}") = "LINQ", "LINQ\LINQ.csproj", "{A63FA441-91BE-4D98-ADBE-8DE95D134ABE}"
EndProject
Project("{FAE04EC0-301F-11D3-BF4B-00C04F79EFBC}") = "Async_Await", "Async_Await\Async_Await.csproj", "{D11D1F8C-F356-40D3-8F90-0695CDDF7026}"
EndProject
Project("{FAE04EC0-301F-11D3-BF4B-00C04F79EFBC}") = "DevTask_Vehicles", "DevTask\DevTask_Vehicles.csproj", "{17857A32-F370-49DE-BFE3-1AC385F3DE0E}"
EndProject
Project("{FAE04EC0-301F-11D3-BF4B-00C04F79EFBC}") = "ProblemSolving", "Tasks_4_5\ProblemSolving.csproj", "{161B47A2-109C-4923-8C8B-50BFA7CCBAEC}"
EndProject
Project("{FAE04EC0-301F-11D3-BF4B-00C04F79EFBC}") = "ProblemSolvingTests", "Tasks_4_5Tests\ProblemSolvingTests.csproj", "{2848E515-10CA-4ED7-848C-36DA4B74FF29}"
EndProject
Project("{FAE04EC0-301F-11D3-BF4B-00C04F79EFBC}") = "Leaderboard", "Task_3_Solution_A\Leaderboard.csproj", "{5EA7E57D-4DE1-47C6-B291-46B6D1932B9F}"
EndProject
Global
	GlobalSection(SolutionConfigurationPlatforms) = preSolution
		Debug|Any CPU = Debug|Any CPU
		Release|Any CPU = Release|Any CPU
	EndGlobalSection
	GlobalSection(ProjectConfigurationPlatforms) = postSolution
		{1B14005B-6AA9-4F9A-8D96-7C820B53E8A3}.Debug|Any CPU.ActiveCfg = Debug|Any CPU
		{1B14005B-6AA9-4F9A-8D96-7C820B53E8A3}.Debug|Any CPU.Build.0 = Debug|Any CPU
		{1B14005B-6AA9-4F9A-8D96-7C820B53E8A3}.Release|Any CPU.ActiveCfg = Release|Any CPU
		{1B14005B-6AA9-4F9A-8D96-7C820B53E8A3}.Release|Any CPU.Build.0 = Release|Any CPU
		{CD9B23CA-E91A-49AB-A139-84DDE3580F59}.Debug|Any CPU.ActiveCfg = Debug|Any CPU
		{CD9B23CA-E91A-49AB-A139-84DDE3580F59}.Debug|Any CPU.Build.0 = Debug|Any CPU
		{CD9B23CA-E91A-49AB-A139-84DDE3580F59}.Release|Any CPU.ActiveCfg = Release|Any CPU
		{CD9B23CA-E91A-49AB-A139-84DDE3580F59}.Release|Any CPU.Build.0 = Release|Any CPU
		{AD3EBF1E-73D5-4974-A287-452585568B0B}.Debug|Any CPU.ActiveCfg = Debug|Any CPU
		{AD3EBF1E-73D5-4974-A287-452585568B0B}.Debug|Any CPU.Build.0 = Debug|Any CPU
		{AD3EBF1E-73D5-4974-A287-452585568B0B}.Release|Any CPU.ActiveCfg = Release|Any CPU
		{AD3EBF1E-73D5-4974-A287-452585568B0B}.Release|Any CPU.Build.0 = Release|Any CPU
		{A63FA441-91BE-4D98-ADBE-8DE95D134ABE}.Debug|Any CPU.ActiveCfg = Debug|Any CPU
		{A63FA441-91BE-4D98-ADBE-8DE95D134ABE}.Debug|Any CPU.Build.0 = Debug|Any CPU
		{A63FA441-91BE-4D98-ADBE-8DE95D134ABE}.Release|Any CPU.ActiveCfg = Release|Any CPU
		{A63FA441-91BE-4D98-ADBE-8DE95D134ABE}.Release|Any CPU.Build.0 = Release|Any CPU
		{D11D1F8C-F356-40D3-8F90-0695CDDF7026}.Debug|Any CPU.ActiveCfg = Debug|Any CPU
		{D11D1F8C-F356-40D3-8F90-0695CDDF7026}.Debug|Any CPU.Build.0 = Debug|Any CPU
		{D11D1F8C-F356-40D3-8F90-0695CDDF7026}.Release|Any CPU.ActiveCfg = Release|Any CPU
		{D11D1F8C-F356-40D3-8F90-0695CDDF7026}.Release|Any CPU.Build.0 = Release|Any CPU
		{17857A32-F370-49DE-BFE3-1AC385F3DE0E}.Debug|Any CPU.ActiveCfg = Debug|Any CPU
		{17857A32-F370-49DE-BFE3-1AC385F3DE0E}.Debug|Any CPU.Build.0 = Debug|Any CPU
		{17857A32-F370-49DE-BFE3-1AC385F3DE0E}.Release|Any CPU.ActiveCfg = Release|Any CPU
		{17857A32-F370-49DE-BFE3-1AC385F3DE0E}.Release|Any CPU.Build.0 = Release|Any CPU
		{161B47A2-109C-4923-8C8B-50BFA7CCBAEC}.Debug|Any CPU.ActiveCfg = Debug|Any CPU
		{161B47A2-109C-4923-8C8B-50BFA7CCBAEC}.Debug|Any CPU.Build.0 = Debug|Any CPU
		{161B47A2-109C-4923-8C8B-50BFA7CCBAEC}.Release|Any CPU.ActiveCfg = Release|Any CPU
		{161B47A2-109C-4923-8C8B-50BFA7CCBAEC}.Release|Any CPU.Build.0 = Release|Any CPU
		{2848E515-10CA-4ED7-848C-36DA4B74FF29}.Debug|Any CPU.ActiveCfg = Debug|Any CPU
		{2848E515-10CA-4ED7-848C-36DA4B74FF29}.Debug|Any CPU.Build.0 = Debug|Any CPU
		{2848E515-10CA-4ED7-848C-36DA4B74FF29}.Release|Any CPU.ActiveCfg = Release|Any CPU
		{2848E515-10CA-4ED7-848C-36DA4B74FF29}.Release|Any CPU.Build.0 = Release|Any CPU
		{5EA7E57D-4DE1-47C6-B291-46B6D1932B9F}.Debug|Any CPU.ActiveCfg = Debug|Any CPU
		{5EA7E57D-4DE1-47C6-B291-46B6D1932B9F}.Debug|Any CPU.Build.0 = Debug|Any CPU
		{5EA7E57D-4DE1-47C6-B291-46B6D1932B9F}.Release|Any CPU.ActiveCfg = Release|Any CPU
		{5EA7E57D-4DE1-47C6-B291-46B6D1932B9F}.Release|Any CPU.Build.0 = Release|Any CPU
	EndGlobalSection
	GlobalSection(SolutionProperties) = preSolution
		HideSolutionNode = FALSE
	EndGlobalSection
	GlobalSection(ExtensibilityGlobals) = postSolution
		SolutionGuid = {CADA6969-8F05-4513-A772-3EA76A36FC9B}
	EndGlobalSection
EndGlobal
